
Microsoft Visual Studio Solution File, Format Version 12.00
# Visual Studio 2012
Project("{FAE04EC0-301F-11D3-BF4B-00C04F79EFBC}") = "MercadoLibreController.LINK", "MercadoLibreController.LINK\MercadoLibreController.LINK.csproj", "{35F66423-9E08-40F2-8A7E-D17268D97402}"
EndProject
Global
	GlobalSection(SolutionConfigurationPlatforms) = preSolution
		Debug|Any CPU = Debug|Any CPU
		Release|Any CPU = Release|Any CPU
	EndGlobalSection
	GlobalSection(ProjectConfigurationPlatforms) = postSolution
		{35F66423-9E08-40F2-8A7E-D17268D97402}.Debug|Any CPU.ActiveCfg = Debug|Any CPU
		{35F66423-9E08-40F2-8A7E-D17268D97402}.Debug|Any CPU.Build.0 = Debug|Any CPU
		{35F66423-9E08-40F2-8A7E-D17268D97402}.Release|Any CPU.ActiveCfg = Release|Any CPU
		{35F66423-9E08-40F2-8A7E-D17268D97402}.Release|Any CPU.Build.0 = Release|Any CPU
	EndGlobalSection
	GlobalSection(SolutionProperties) = preSolution
		HideSolutionNode = FALSE
	EndGlobalSection
EndGlobal
